{
  "nodes": {
    "blink-cmp": {
      "inputs": {
        "fenix": [
          "fenix"
        ],
        "flake-parts": [
          "flake-parts"
        ],
        "nixpkgs": [
          "nixpkgs"
        ]
      },
      "locked": {
        "lastModified": 1768609741,
        "narHash": "sha256-FUf4WfIBsnCBt2Ma2P7c5FM8oHzmtnYRRcwJrEvNeU8=",
        "owner": "saghen",
        "repo": "blink.cmp",
        "rev": "820f1ddf634ec267412e403711bf74be26cac677",
        "type": "github"
      },
      "original": {
        "owner": "saghen",
        "repo": "blink.cmp",
        "type": "github"
      }
    },
    "blink-lib": {
      "flake": false,
      "locked": {
        "lastModified": 1755526317,
        "narHash": "sha256-sHhDLznOpWjbAURqcfLo4qE3PAoLyG9i9Cu0iWuSzCc=",
        "owner": "saghen",
        "repo": "blink.lib",
        "rev": "86361b98f3c8317904a08e3bd12cf3cdcbe3e925",
        "type": "github"
      },
      "original": {
        "owner": "saghen",
        "repo": "blink.lib",
        "type": "github"
      }
    },
    "blink-pairs": {
      "inputs": {
        "fenix": [
          "fenix"
        ],
        "flake-parts": [
          "flake-parts"
        ],
        "nixpkgs": [
          "nixpkgs"
        ]
      },
      "locked": {
        "lastModified": 1765166178,
        "narHash": "sha256-CwaO17nCTb2lvqY3dupi0RXKlpOFUwhqLwVW3djAQyU=",
        "owner": "saghen",
        "repo": "blink.pairs",
        "rev": "65978aadaf9b7d6cae59c1c51cf2b366b370546e",
        "type": "github"
      },
      "original": {
        "owner": "saghen",
        "repo": "blink.pairs",
        "type": "github"
      }
    },
    "clasp-nvim": {
      "flake": false,
      "locked": {
        "lastModified": 1743021743,
        "narHash": "sha256-xHYEalIW54xrmqYaav9QgCqINu+Il7H9VuUEYadmJIE=",
        "owner": "xzbdmw",
        "repo": "clasp.nvim",
        "rev": "25442429aae1b1de0627f358740613f77ec57410",
        "type": "github"
      },
      "original": {
        "owner": "xzbdmw",
        "repo": "clasp.nvim",
        "type": "github"
      }
    },
    "fenix": {
      "inputs": {
        "nixpkgs": [
          "nixpkgs"
        ],
        "rust-analyzer-src": "rust-analyzer-src"
      },
      "locked": {
        "lastModified": 1769064677,
        "narHash": "sha256-Upa108vGOlaOBGQTmmLEKuWekBm519u42A/oYSjTs+4=",
        "owner": "nix-community",
        "repo": "fenix",
        "rev": "439e81e0b40781e16c444ca1c7fcd1cf8c5c406c",
        "type": "github"
      },
      "original": {
        "owner": "nix-community",
        "repo": "fenix",
        "type": "github"
      }
    },
    "filler-begone-nvim": {
      "flake": false,
      "locked": {
        "lastModified": 1761853294,
        "narHash": "sha256-5Sanxi84V8jc7Ol+Q8K4FAECKevZBoJ29rSgN9Yz7VM=",
        "owner": "saghen",
        "repo": "filler-begone.nvim",
        "rev": "122018c0f54519b9ee16fb0e31b96989a7682e1c",
        "type": "github"
      },
      "original": {
        "owner": "saghen",
        "repo": "filler-begone.nvim",
        "type": "github"
      }
    },
    "flake-parts": {
      "inputs": {
        "nixpkgs-lib": [
          "nixpkgs"
        ]
      },
      "locked": {
        "lastModified": 1768135262,
        "narHash": "sha256-PVvu7OqHBGWN16zSi6tEmPwwHQ4rLPU9Plvs8/1TUBY=",
        "owner": "hercules-ci",
        "repo": "flake-parts",
        "rev": "80daad04eddbbf5a4d883996a73f3f542fa437ac",
        "type": "github"
      },
      "original": {
        "owner": "hercules-ci",
        "repo": "flake-parts",
        "type": "github"
      }
    },
    "jj-diffconflicts": {
      "flake": false,
      "locked": {
        "lastModified": 1768752277,
        "narHash": "sha256-hvMXpslucywVYA9Sdxx6IcXQXYcYNWK8s9jr+KtStdI=",
        "owner": "rafikdraoui",
        "repo": "jj-diffconflicts",
        "rev": "6d9eedadf1fab87bccb0a4a7ceda829da8023efb",
        "type": "github"
      },
      "original": {
        "owner": "rafikdraoui",
        "repo": "jj-diffconflicts",
        "type": "github"
      }
    },
    "neovim-nightly-overlay": {
      "inputs": {
        "flake-parts": [
          "flake-parts"
        ],
        "neovim-src": "neovim-src",
        "nixpkgs": [
          "nixpkgs"
        ]
      },
      "locked": {
        "lastModified": 1769040284,
        "narHash": "sha256-zgZfWwXyL9EDqkTEk0y7hB2wUrsNhpTjoVZpmGa3VHw=",
        "owner": "nix-community",
        "repo": "neovim-nightly-overlay",
        "rev": "ce27c2327ff2e41f79aa0b5933b931708d6f6804",
        "type": "github"
      },
      "original": {
        "owner": "nix-community",
        "repo": "neovim-nightly-overlay",
        "type": "github"
      }
    },
    "neovim-src": {
      "flake": false,
      "locked": {
        "lastModified": 1768992167,
        "narHash": "sha256-pCe5bvBt8VYF/IrDY2RDmA0412YR5Uq0kbYRp/zBI4g=",
        "owner": "neovim",
        "repo": "neovim",
        "rev": "25ce44845d2adf94dfc91c70eb792a50d8274aa1",
        "type": "github"
      },
      "original": {
        "owner": "neovim",
        "repo": "neovim",
        "type": "github"
      }
    },
    "nixpkgs": {
      "locked": {
        "lastModified": 1769018530,
        "narHash": "sha256-S/5RU76BdQ32bbE99a+G9gMuatpVWEvIfeSjEqyoFS4=",
        "rev": "88d3861acdd3d2f0e361767018218e51810df8a1",
        "type": "tarball",
        "url": "https://releases.nixos.org/nixos/unstable/nixos-26.05pre931542.88d3861acdd3/nixexprs.tar.xz"
      },
      "original": {
        "type": "tarball",
        "url": "https://channels.nixos.org/nixos-unstable/nixexprs.tar.xz"
      }
    },
    "root": {
      "inputs": {
        "blink-cmp": "blink-cmp",
        "blink-lib": "blink-lib",
        "blink-pairs": "blink-pairs",
        "clasp-nvim": "clasp-nvim",
        "fenix": "fenix",
        "filler-begone-nvim": "filler-begone-nvim",
        "flake-parts": "flake-parts",
        "jj-diffconflicts": "jj-diffconflicts",
        "neovim-nightly-overlay": "neovim-nightly-overlay",
        "nixpkgs": "nixpkgs",
        "tiny-code-action-nvim": "tiny-code-action-nvim",
        "treefmt-nix": "treefmt-nix",
        "unnest-nvim": "unnest-nvim"
      }
    },
    "rust-analyzer-src": {
      "flake": false,
      "locked": {
        "lastModified": 1768996281,
        "narHash": "sha256-s+TolkG0f98fR6RtBEmymBb8RHmZ04U3SL8cjoqog2k=",
        "owner": "rust-lang",
        "repo": "rust-analyzer",
        "rev": "2d124215693f13dcf6ad097a02acdd473c80e447",
        "type": "github"
      },
      "original": {
        "owner": "rust-lang",
        "ref": "nightly",
        "repo": "rust-analyzer",
        "type": "github"
      }
    },
    "tiny-code-action-nvim": {
      "flake": false,
      "locked": {
        "lastModified": 1768850922,
        "narHash": "sha256-LSQfmoo7Hw043QdajFikbs7X5YeIWI5dbsRKFRG4U7c=",
        "owner": "rachartier",
        "repo": "tiny-code-action.nvim",
        "rev": "6ded5f7cf53e8d804ab4fdc1d728f47ab772007e",
        "type": "github"
      },
      "original": {
        "owner": "rachartier",
        "repo": "tiny-code-action.nvim",
        "type": "github"
      }
    },
    "treefmt-nix": {
      "inputs": {
        "nixpkgs": [
          "nixpkgs"
        ]
      },
      "locked": {
        "lastModified": 1768158989,
        "narHash": "sha256-67vyT1+xClLldnumAzCTBvU0jLZ1YBcf4vANRWP3+Ak=",
        "owner": "numtide",
        "repo": "treefmt-nix",
        "rev": "e96d59dff5c0d7fddb9d113ba108f03c3ef99eca",
        "type": "github"
      },
      "original": {
        "owner": "numtide",
        "repo": "treefmt-nix",
        "type": "github"
      }
    },
    "unnest-nvim": {
      "flake": false,
      "locked": {
        "lastModified": 1763732233,
        "narHash": "sha256-mrOaC29Uibh3XQVtrHFw85WdghHRXKHPZApObC2+TKk=",
        "owner": "brianhuster",
        "repo": "unnest.nvim",
        "rev": "4237a23ee158ff696b85c1c1615c38aa99be9ae5",
        "type": "github"
      },
      "original": {
        "owner": "brianhuster",
        "repo": "unnest.nvim",
        "type": "github"
      }
    }
  },
  "root": "root",
  "version": 7
}
