{
  "nodes": {
    "blink-cmp": {
      "inputs": {
        "fenix": [
          "fenix"
        ],
        "flake-parts": [
          "flake-parts"
        ],
        "nixpkgs": [
          "nixpkgs"
        ]
      },
      "locked": {
        "lastModified": 1769151562,
        "narHash": "sha256-28s+BWRW9krrAvCUqyMUHf8YXNkov3CmdWOFzei1cqs=",
        "owner": "saghen",
        "repo": "blink.cmp",
        "rev": "b137f63d89d0285ca76eed12e1923220e0aff8c1",
        "type": "github"
      },
      "original": {
        "owner": "saghen",
        "repo": "blink.cmp",
        "type": "github"
      }
    },
    "blink-lib": {
      "flake": false,
      "locked": {
        "lastModified": 1755526317,
        "narHash": "sha256-sHhDLznOpWjbAURqcfLo4qE3PAoLyG9i9Cu0iWuSzCc=",
        "owner": "saghen",
        "repo": "blink.lib",
        "rev": "86361b98f3c8317904a08e3bd12cf3cdcbe3e925",
        "type": "github"
      },
      "original": {
        "owner": "saghen",
        "repo": "blink.lib",
        "type": "github"
      }
    },
    "blink-pairs": {
      "inputs": {
        "fenix": [
          "fenix"
        ],
        "flake-parts": [
          "flake-parts"
        ],
        "nixpkgs": [
          "nixpkgs"
        ]
      },
      "locked": {
        "lastModified": 1765166178,
        "narHash": "sha256-CwaO17nCTb2lvqY3dupi0RXKlpOFUwhqLwVW3djAQyU=",
        "owner": "saghen",
        "repo": "blink.pairs",
        "rev": "65978aadaf9b7d6cae59c1c51cf2b366b370546e",
        "type": "github"
      },
      "original": {
        "owner": "saghen",
        "repo": "blink.pairs",
        "type": "github"
      }
    },
    "clasp-nvim": {
      "flake": false,
      "locked": {
        "lastModified": 1743021743,
        "narHash": "sha256-xHYEalIW54xrmqYaav9QgCqINu+Il7H9VuUEYadmJIE=",
        "owner": "xzbdmw",
        "repo": "clasp.nvim",
        "rev": "25442429aae1b1de0627f358740613f77ec57410",
        "type": "github"
      },
      "original": {
        "owner": "xzbdmw",
        "repo": "clasp.nvim",
        "type": "github"
      }
    },
    "fenix": {
      "inputs": {
        "nixpkgs": [
          "nixpkgs"
        ],
        "rust-analyzer-src": "rust-analyzer-src"
      },
      "locked": {
        "lastModified": 1769670296,
        "narHash": "sha256-0OzQzsufPwHUTJMAgVf+TXPFG+8x5xrYwz1/M/kI+7o=",
        "owner": "nix-community",
        "repo": "fenix",
        "rev": "b00052920f71c43987b44c804196c083eb0fa1bf",
        "type": "github"
      },
      "original": {
        "owner": "nix-community",
        "repo": "fenix",
        "type": "github"
      }
    },
    "filler-begone-nvim": {
      "flake": false,
      "locked": {
        "lastModified": 1761853294,
        "narHash": "sha256-5Sanxi84V8jc7Ol+Q8K4FAECKevZBoJ29rSgN9Yz7VM=",
        "owner": "saghen",
        "repo": "filler-begone.nvim",
        "rev": "122018c0f54519b9ee16fb0e31b96989a7682e1c",
        "type": "github"
      },
      "original": {
        "owner": "saghen",
        "repo": "filler-begone.nvim",
        "type": "github"
      }
    },
    "flake-parts": {
      "inputs": {
        "nixpkgs-lib": [
          "nixpkgs"
        ]
      },
      "locked": {
        "lastModified": 1768135262,
        "narHash": "sha256-PVvu7OqHBGWN16zSi6tEmPwwHQ4rLPU9Plvs8/1TUBY=",
        "owner": "hercules-ci",
        "repo": "flake-parts",
        "rev": "80daad04eddbbf5a4d883996a73f3f542fa437ac",
        "type": "github"
      },
      "original": {
        "owner": "hercules-ci",
        "repo": "flake-parts",
        "type": "github"
      }
    },
    "jj-diffconflicts": {
      "flake": false,
      "locked": {
        "lastModified": 1768752277,
        "narHash": "sha256-hvMXpslucywVYA9Sdxx6IcXQXYcYNWK8s9jr+KtStdI=",
        "owner": "rafikdraoui",
        "repo": "jj-diffconflicts",
        "rev": "6d9eedadf1fab87bccb0a4a7ceda829da8023efb",
        "type": "github"
      },
      "original": {
        "owner": "rafikdraoui",
        "repo": "jj-diffconflicts",
        "type": "github"
      }
    },
    "neovim-nightly-overlay": {
      "inputs": {
        "flake-parts": [
          "flake-parts"
        ],
        "neovim-src": "neovim-src",
        "nixpkgs": [
          "nixpkgs"
        ]
      },
      "locked": {
        "lastModified": 1769731486,
        "narHash": "sha256-FubWXQX1k1qyVKWiGNVSw2bQ2TD739PRqRsLXS/b2y0=",
        "owner": "nix-community",
        "repo": "neovim-nightly-overlay",
        "rev": "0d454d45604a3215057806757beda9bc7390d59e",
        "type": "github"
      },
      "original": {
        "owner": "nix-community",
        "repo": "neovim-nightly-overlay",
        "type": "github"
      }
    },
    "neovim-src": {
      "flake": false,
      "locked": {
        "lastModified": 1769723720,
        "narHash": "sha256-gmlHBj1nGfOBaCMEfgHdy/4sbuBXDaVIWNGJVPP+vNw=",
        "owner": "neovim",
        "repo": "neovim",
        "rev": "52cd9dcff260decda860cf154873b298d10c1208",
        "type": "github"
      },
      "original": {
        "owner": "neovim",
        "repo": "neovim",
        "type": "github"
      }
    },
    "nixpkgs": {
      "locked": {
        "lastModified": 1769461804,
        "narHash": "sha256-6LCoopbVfvyw+BnhOwMLSeQjotkBsJMHcvbPhrn2t9E=",
        "rev": "bfc1b8a4574108ceef22f02bafcf6611380c100d",
        "type": "tarball",
        "url": "https://releases.nixos.org/nixos/unstable/nixos-26.05pre935279.bfc1b8a45741/nixexprs.tar.xz"
      },
      "original": {
        "type": "tarball",
        "url": "https://channels.nixos.org/nixos-unstable/nixexprs.tar.xz"
      }
    },
    "root": {
      "inputs": {
        "blink-cmp": "blink-cmp",
        "blink-lib": "blink-lib",
        "blink-pairs": "blink-pairs",
        "clasp-nvim": "clasp-nvim",
        "fenix": "fenix",
        "filler-begone-nvim": "filler-begone-nvim",
        "flake-parts": "flake-parts",
        "jj-diffconflicts": "jj-diffconflicts",
        "neovim-nightly-overlay": "neovim-nightly-overlay",
        "nixpkgs": "nixpkgs",
        "tiny-code-action-nvim": "tiny-code-action-nvim",
        "treefmt-nix": "treefmt-nix",
        "unnest-nvim": "unnest-nvim"
      }
    },
    "rust-analyzer-src": {
      "flake": false,
      "locked": {
        "lastModified": 1769526882,
        "narHash": "sha256-64CZX2vKsfSLKnTCZ0pbc1jPvixWWwuT382g3QHBz5c=",
        "owner": "rust-lang",
        "repo": "rust-analyzer",
        "rev": "40cda2f4bd585c1cb99ae4eb025968b8dc2eec42",
        "type": "github"
      },
      "original": {
        "owner": "rust-lang",
        "ref": "nightly",
        "repo": "rust-analyzer",
        "type": "github"
      }
    },
    "tiny-code-action-nvim": {
      "flake": false,
      "locked": {
        "lastModified": 1768850922,
        "narHash": "sha256-LSQfmoo7Hw043QdajFikbs7X5YeIWI5dbsRKFRG4U7c=",
        "owner": "rachartier",
        "repo": "tiny-code-action.nvim",
        "rev": "6ded5f7cf53e8d804ab4fdc1d728f47ab772007e",
        "type": "github"
      },
      "original": {
        "owner": "rachartier",
        "repo": "tiny-code-action.nvim",
        "type": "github"
      }
    },
    "treefmt-nix": {
      "inputs": {
        "nixpkgs": [
          "nixpkgs"
        ]
      },
      "locked": {
        "lastModified": 1769691507,
        "narHash": "sha256-8aAYwyVzSSwIhP2glDhw/G0i5+wOrren3v6WmxkVonM=",
        "owner": "numtide",
        "repo": "treefmt-nix",
        "rev": "28b19c5844cc6e2257801d43f2772a4b4c050a1b",
        "type": "github"
      },
      "original": {
        "owner": "numtide",
        "repo": "treefmt-nix",
        "type": "github"
      }
    },
    "unnest-nvim": {
      "flake": false,
      "locked": {
        "lastModified": 1763732233,
        "narHash": "sha256-mrOaC29Uibh3XQVtrHFw85WdghHRXKHPZApObC2+TKk=",
        "owner": "brianhuster",
        "repo": "unnest.nvim",
        "rev": "4237a23ee158ff696b85c1c1615c38aa99be9ae5",
        "type": "github"
      },
      "original": {
        "owner": "brianhuster",
        "repo": "unnest.nvim",
        "type": "github"
      }
    }
  },
  "root": "root",
  "version": 7
}
