{
  "nodes": {
    "blink-cmp": {
      "inputs": {
        "blink-lib": [
          "blink-lib"
        ],
        "nixpkgs": [
          "nixpkgs"
        ]
      },
      "locked": {
        "lastModified": 1780944076,
        "narHash": "sha256-0doHz8JpWqezBmvO6f4ndfJMd+CEaURAUlnNQjle2GM=",
        "owner": "saghen",
        "repo": "blink.cmp",
        "rev": "b02ac65634bdb8af2dcc4eb6c807c060e1e15ae6",
        "type": "github"
      },
      "original": {
        "owner": "saghen",
        "repo": "blink.cmp",
        "type": "github"
      }
    },
    "blink-lib": {
      "inputs": {
        "nixpkgs": [
          "nixpkgs"
        ]
      },
      "locked": {
        "lastModified": 1780479614,
        "narHash": "sha256-YlvnmeKny7pGL5+tAqtZK84WxJ/vKwCMG5CP9xJEnUg=",
        "owner": "saghen",
        "repo": "blink.lib",
        "rev": "b127d48bf8e9ac9cf41f6e0fbead317503f76558",
        "type": "github"
      },
      "original": {
        "owner": "saghen",
        "repo": "blink.lib",
        "type": "github"
      }
    },
    "blink-lib_2": {
      "inputs": {
        "nixpkgs": [
          "blink-pairs",
          "nixpkgs"
        ]
      },
      "locked": {
        "lastModified": 1780479614,
        "narHash": "sha256-YlvnmeKny7pGL5+tAqtZK84WxJ/vKwCMG5CP9xJEnUg=",
        "owner": "saghen",
        "repo": "blink.lib",
        "rev": "b127d48bf8e9ac9cf41f6e0fbead317503f76558",
        "type": "github"
      },
      "original": {
        "owner": "saghen",
        "repo": "blink.lib",
        "type": "github"
      }
    },
    "blink-pairs": {
      "inputs": {
        "blink-lib": "blink-lib_2",
        "nixpkgs": [
          "nixpkgs"
        ]
      },
      "locked": {
        "lastModified": 1781216869,
        "narHash": "sha256-XWrsZAH0tIPyRjr3PnAS2QAGE3+1z00jdnsxkKG0qPE=",
        "owner": "saghen",
        "repo": "blink.pairs",
        "rev": "aad9046bc4670dc91301cd62a6948feb36c55f4a",
        "type": "github"
      },
      "original": {
        "owner": "saghen",
        "repo": "blink.pairs",
        "type": "github"
      }
    },
    "clasp-nvim": {
      "flake": false,
      "locked": {
        "lastModified": 1743021743,
        "narHash": "sha256-xHYEalIW54xrmqYaav9QgCqINu+Il7H9VuUEYadmJIE=",
        "owner": "xzbdmw",
        "repo": "clasp.nvim",
        "rev": "25442429aae1b1de0627f358740613f77ec57410",
        "type": "github"
      },
      "original": {
        "owner": "xzbdmw",
        "repo": "clasp.nvim",
        "type": "github"
      }
    },
    "fenix": {
      "inputs": {
        "nixpkgs": [
          "nixpkgs"
        ],
        "rust-analyzer-src": "rust-analyzer-src"
      },
      "locked": {
        "lastModified": 1781260166,
        "narHash": "sha256-vKKEJke8kswPWPu/J/giMA92VFrVNWQn7x6TwRmJHBo=",
        "owner": "nix-community",
        "repo": "fenix",
        "rev": "a257e130673b0a1caa7137bf0896169910efdd5a",
        "type": "github"
      },
      "original": {
        "owner": "nix-community",
        "repo": "fenix",
        "type": "github"
      }
    },
    "filler-begone-nvim": {
      "flake": false,
      "locked": {
        "lastModified": 1761853294,
        "narHash": "sha256-5Sanxi84V8jc7Ol+Q8K4FAECKevZBoJ29rSgN9Yz7VM=",
        "owner": "saghen",
        "repo": "filler-begone.nvim",
        "rev": "122018c0f54519b9ee16fb0e31b96989a7682e1c",
        "type": "github"
      },
      "original": {
        "owner": "saghen",
        "repo": "filler-begone.nvim",
        "type": "github"
      }
    },
    "flake-parts": {
      "inputs": {
        "nixpkgs-lib": [
          "nixpkgs"
        ]
      },
      "locked": {
        "lastModified": 1778716662,
        "narHash": "sha256-m1Yf0wZ8j1OHjTc2UwHwyQRSnNeSgLJOd7q5Y45hzi4=",
        "owner": "hercules-ci",
        "repo": "flake-parts",
        "rev": "f7c1a2d347e4c52d5fb8d10cb4d94b5884e546fb",
        "type": "github"
      },
      "original": {
        "owner": "hercules-ci",
        "repo": "flake-parts",
        "type": "github"
      }
    },
    "jj-diffconflicts": {
      "flake": false,
      "locked": {
        "lastModified": 1779191173,
        "narHash": "sha256-MjacjGlBRwActBBGeBZDHz8jz5J3Mt6KoDsf8WKgUDA=",
        "owner": "rafikdraoui",
        "repo": "jj-diffconflicts",
        "rev": "a2aa9a247b56d2c1a6f6be81bcf41c5450cc82ff",
        "type": "github"
      },
      "original": {
        "owner": "rafikdraoui",
        "repo": "jj-diffconflicts",
        "type": "github"
      }
    },
    "neovim-nightly-overlay": {
      "inputs": {
        "flake-parts": [
          "flake-parts"
        ],
        "neovim-src": "neovim-src",
        "nixpkgs": [
          "nixpkgs"
        ]
      },
      "locked": {
        "lastModified": 1781247552,
        "narHash": "sha256-WBnopP5Ln0BsEb1Ix2ylLuBvfV6YB5Zr4z6Hqo31Ccs=",
        "owner": "nix-community",
        "repo": "neovim-nightly-overlay",
        "rev": "2a8dddeeea5e6b98159a90c73deb65351b1748f9",
        "type": "github"
      },
      "original": {
        "owner": "nix-community",
        "repo": "neovim-nightly-overlay",
        "type": "github"
      }
    },
    "neovim-src": {
      "flake": false,
      "locked": {
        "lastModified": 1781212614,
        "narHash": "sha256-ZJXg/EUJvbrMx8Qprs/Sg9EYsbXJc49NxVmHdzJn1s0=",
        "owner": "neovim",
        "repo": "neovim",
        "rev": "3ed78daf83aa88003f52234e6b493c9718b2d987",
        "type": "github"
      },
      "original": {
        "owner": "neovim",
        "repo": "neovim",
        "type": "github"
      }
    },
    "nixpkgs": {
      "locked": {
        "lastModified": 1781074563,
        "narHash": "sha256-d34lhgOet4IqYMnCxbIvwFBMOyTV6PT4TyNEOP0/ZhU=",
        "rev": "9ae611a455b90cf061d8f332b977e387bda8e1ca",
        "type": "tarball",
        "url": "https://releases.nixos.org/nixos/unstable/nixos-26.11pre1014179.9ae611a455b9/nixexprs.tar.xz"
      },
      "original": {
        "type": "tarball",
        "url": "https://channels.nixos.org/nixos-unstable/nixexprs.tar.xz"
      }
    },
    "root": {
      "inputs": {
        "blink-cmp": "blink-cmp",
        "blink-lib": "blink-lib",
        "blink-pairs": "blink-pairs",
        "clasp-nvim": "clasp-nvim",
        "fenix": "fenix",
        "filler-begone-nvim": "filler-begone-nvim",
        "flake-parts": "flake-parts",
        "jj-diffconflicts": "jj-diffconflicts",
        "neovim-nightly-overlay": "neovim-nightly-overlay",
        "nixpkgs": "nixpkgs",
        "tiny-code-action-nvim": "tiny-code-action-nvim",
        "treefmt-nix": "treefmt-nix",
        "unnest-nvim": "unnest-nvim"
      }
    },
    "rust-analyzer-src": {
      "flake": false,
      "locked": {
        "lastModified": 1781193851,
        "narHash": "sha256-Pz4G9dV3Cy9L2Gtl8dMrHlwPa8Oy+vE8NIXmd2b6ZVo=",
        "owner": "rust-lang",
        "repo": "rust-analyzer",
        "rev": "dc0ac97934098a20224a4638f39ae88fa97e9b88",
        "type": "github"
      },
      "original": {
        "owner": "rust-lang",
        "ref": "nightly",
        "repo": "rust-analyzer",
        "type": "github"
      }
    },
    "tiny-code-action-nvim": {
      "flake": false,
      "locked": {
        "lastModified": 1777075455,
        "narHash": "sha256-UF9zeO5Uujdt2MEwy2d2Lhk6JRnEN4vrEvYslv0/zaA=",
        "owner": "rachartier",
        "repo": "tiny-code-action.nvim",
        "rev": "0d040ed81f7953118b81cd12681fcdfcac069803",
        "type": "github"
      },
      "original": {
        "owner": "rachartier",
        "repo": "tiny-code-action.nvim",
        "type": "github"
      }
    },
    "treefmt-nix": {
      "inputs": {
        "nixpkgs": [
          "nixpkgs"
        ]
      },
      "locked": {
        "lastModified": 1780220602,
        "narHash": "sha256-eynAfOmbmxJnkp7YewvCEbShNnnYJ9gLLqkzsYtBPeM=",
        "owner": "numtide",
        "repo": "treefmt-nix",
        "rev": "db947814a175b7ca6ded66e21383d938df01c227",
        "type": "github"
      },
      "original": {
        "owner": "numtide",
        "repo": "treefmt-nix",
        "type": "github"
      }
    },
    "unnest-nvim": {
      "flake": false,
      "locked": {
        "lastModified": 1772808416,
        "narHash": "sha256-+Gr/dSxlTseeWVdmX0puy4TsyX8FKE4OR/A1EiNDny8=",
        "owner": "brianhuster",
        "repo": "unnest.nvim",
        "rev": "865b34a9db70ad4ea8715a397fad6491baa390c4",
        "type": "github"
      },
      "original": {
        "owner": "brianhuster",
        "repo": "unnest.nvim",
        "type": "github"
      }
    }
  },
  "root": "root",
  "version": 7
}
